{
  "originHash" : "4a33d45ee8e527bea1f4ecfc2fb72a8d36337cdbad0f29a13e11f333fa2c4866",
  "pins" : [
    {
      "identity" : "libssh2prebuild",
      "kind" : "remoteSourceControl",
      "location" : "https://github.com/daiimus/Libssh2Prebuild",
      "state" : {
        "revision" : "8e7d1d786c9fbede4bb05dfe56a1275ccf767214",
        "version" : "1.11.0-OpenSSL-1-1-1w-debug"
      }
    }
  ],
  "version" : 3
}
